
Microsoft Visual Studio Solution File, Format Version 12.00
Project("{FAE04EC0-301F-11D3-BF4B-00C04F79EFBC}") = "HydraScript", "src\HydraScript\HydraScript.csproj", "{5DA79C0C-2B98-4E64-81EA-92AFFC5204D3}"
EndProject
Project("{FAE04EC0-301F-11D3-BF4B-00C04F79EFBC}") = "HydraScript.Tests", "tests\HydraScript.Tests\HydraScript.Tests.csproj", "{F0DD56CB-C68A-4CDC-AA54-0A07342FE08B}"
EndProject
Project("{2150E333-8FDC-42A3-9474-1A3956D46DE8}") = "SolutionItems", "SolutionItems", "{86CF2A2F-4DFE-48E7-B062-EF824730916A}"
	ProjectSection(SolutionItems) = preProject
		.gitignore = .gitignore
		CODE_OF_CONDUCT.md = CODE_OF_CONDUCT.md
		CONTRIBUTING.md = CONTRIBUTING.md
		contributor-licence-agreement.md = contributor-licence-agreement.md
		LICENSE = LICENSE
		Readme.md = Readme.md
		SECURITY.md = SECURITY.md
	EndProjectSection
EndProject
Project("{2150E333-8FDC-42A3-9474-1A3956D46DE8}") = "GithubFolder", "GithubFolder", "{54CBE5A7-3C3E-44ED-B877-7B08A818083B}"
	ProjectSection(SolutionItems) = preProject
		.github\pull_request_template.md = .github\pull_request_template.md
	EndProjectSection
EndProject
Project("{2150E333-8FDC-42A3-9474-1A3956D46DE8}") = "Workflows", "Workflows", "{C7773DC6-9052-4F69-B947-CBFD5D663E80}"
	ProjectSection(SolutionItems) = preProject
		.github\workflows\cla.yml = .github\workflows\cla.yml
		.github\workflows\develop.yml = .github\workflows\develop.yml
		.github\workflows\release.yml = .github\workflows\release.yml
	EndProjectSection
EndProject
Project("{2150E333-8FDC-42A3-9474-1A3956D46DE8}") = "IssueTemplate", "IssueTemplate", "{0E31199C-4893-4920-A356-D1FF7850BFAD}"
	ProjectSection(SolutionItems) = preProject
		.github\ISSUE_TEMPLATE\bug_report.md = .github\ISSUE_TEMPLATE\bug_report.md
		.github\ISSUE_TEMPLATE\feature_request.md = .github\ISSUE_TEMPLATE\feature_request.md
	EndProjectSection
EndProject
Project("{2150E333-8FDC-42A3-9474-1A3956D46DE8}") = "Samples", "Samples", "{04ABBF20-AD95-4366-8EDE-57095A37735E}"
	ProjectSection(SolutionItems) = preProject
		samples\abs.js = samples\abs.js
		samples\arraddremove.js = samples\arraddremove.js
		samples\arreditread.js = samples\arreditread.js
		samples\ceil.js = samples\ceil.js
		samples\defaultarray.js = samples\defaultarray.js
		samples\equals.js = samples\equals.js
		samples\exprtest.js = samples\exprtest.js
		samples\fastpow.js = samples\fastpow.js
		samples\forwardref.js = samples\forwardref.js
		samples\gcd.js = samples\gcd.js
		samples\lcm.js = samples\lcm.js
		samples\linkedlist.js = samples\linkedlist.js
		samples\objeditread.js = samples\objeditread.js
		samples\posneg.js = samples\posneg.js
		samples\prime.js = samples\prime.js
		samples\primefactor.js = samples\primefactor.js
		samples\quicksort.js = samples\quicksort.js
		samples\range.js = samples\range.js
		samples\recur.js = samples\recur.js
		samples\searchinll.js = samples\searchinll.js
		samples\settable.js = samples\settable.js
		samples\squareroot.js = samples\squareroot.js
		samples\summator.js = samples\summator.js
		samples\tern.js = samples\tern.js
		samples\this.js = samples\this.js
		samples\typeresolving.js = samples\typeresolving.js
		samples\vec2d.js = samples\vec2d.js
	EndProjectSection
EndProject
Project("{2150E333-8FDC-42A3-9474-1A3956D46DE8}") = "Src", "Src", "{FB8F6EE1-1942-46D6-954E-9A1647BBDF10}"
EndProject
Project("{2150E333-8FDC-42A3-9474-1A3956D46DE8}") = "Tests", "Tests", "{3F131901-A9EC-451A-B7E9-726887CFE5FB}"
EndProject
Project("{2150E333-8FDC-42A3-9474-1A3956D46DE8}") = "Application", "Application", "{A280C99E-0112-4F3C-A5E9-B793F2D9898E}"
EndProject
Project("{2150E333-8FDC-42A3-9474-1A3956D46DE8}") = "Domain", "Domain", "{F0FC6D23-F932-4C11-8D0F-07894FC61511}"
EndProject
Project("{2150E333-8FDC-42A3-9474-1A3956D46DE8}") = "Infrastructure", "Infrastructure", "{B7DDF6C9-B67C-430A-948A-A380EF68DEF1}"
EndProject
Project("{FAE04EC0-301F-11D3-BF4B-00C04F79EFBC}") = "HydraScript.Domain.FrontEnd", "src\Domain\HydraScript.Domain.FrontEnd\HydraScript.Domain.FrontEnd.csproj", "{B7FD15B2-A3C4-4A17-B6DE-CC87E35DFCCD}"
EndProject
Project("{FAE04EC0-301F-11D3-BF4B-00C04F79EFBC}") = "HydraScript.Domain.IR", "src\Domain\HydraScript.Domain.IR\HydraScript.Domain.IR.csproj", "{BB913678-CB63-43BA-9C78-40D9A1FE85D9}"
EndProject
Project("{FAE04EC0-301F-11D3-BF4B-00C04F79EFBC}") = "HydraScript.Domain.BackEnd", "src\Domain\HydraScript.Domain.BackEnd\HydraScript.Domain.BackEnd.csproj", "{2B32BBCC-4562-4253-B85B-80E8A278551F}"
EndProject
Project("{FAE04EC0-301F-11D3-BF4B-00C04F79EFBC}") = "HydraScript.Application.StaticAnalysis", "src\Application\HydraScript.Application.StaticAnalysis\HydraScript.Application.StaticAnalysis.csproj", "{01376DD7-A13C-476C-A8DB-44EA9BB3F64F}"
EndProject
Project("{FAE04EC0-301F-11D3-BF4B-00C04F79EFBC}") = "HydraScript.Application.CodeGeneration", "src\Application\HydraScript.Application.CodeGeneration\HydraScript.Application.CodeGeneration.csproj", "{07DEA726-9772-4B61-AA66-1B82823F6BF0}"
EndProject
Project("{FAE04EC0-301F-11D3-BF4B-00C04F79EFBC}") = "HydraScript.Infrastructure", "src\Infrastructure\HydraScript.Infrastructure\HydraScript.Infrastructure.csproj", "{160B77ED-BA30-40A2-81EF-F5D1E4D22039}"
EndProject
Project("{FAE04EC0-301F-11D3-BF4B-00C04F79EFBC}") = "HydraScript.IntegrationTests", "tests\HydraScript.IntegrationTests\HydraScript.IntegrationTests.csproj", "{1CE98127-3027-4BD4-AAA3-63A589B09E73}"
EndProject
Project("{FAE04EC0-301F-11D3-BF4B-00C04F79EFBC}") = "HydraScript.Infrastructure.LexerRegexGenerator", "src\Infrastructure\HydraScript.Infrastructure.LexerRegexGenerator\HydraScript.Infrastructure.LexerRegexGenerator.csproj", "{74D1495B-12A4-4E1A-ABE0-93029ECDC5FE}"
EndProject
Project("{FAE04EC0-301F-11D3-BF4B-00C04F79EFBC}") = "HydraScript.Infrastructure.LexerRegexGenerator.Tests", "tests\HydraScript.Infrastructure.LexerRegexGenerator.Tests\HydraScript.Infrastructure.LexerRegexGenerator.Tests.csproj", "{829111AD-4A5C-4B3D-AC28-208309CE10D6}"
EndProject
Global
	GlobalSection(SolutionConfigurationPlatforms) = preSolution
		Debug|Any CPU = Debug|Any CPU
		Release|Any CPU = Release|Any CPU
	EndGlobalSection
	GlobalSection(ProjectConfigurationPlatforms) = postSolution
		{5DA79C0C-2B98-4E64-81EA-92AFFC5204D3}.Debug|Any CPU.ActiveCfg = Debug|Any CPU
		{5DA79C0C-2B98-4E64-81EA-92AFFC5204D3}.Debug|Any CPU.Build.0 = Debug|Any CPU
		{5DA79C0C-2B98-4E64-81EA-92AFFC5204D3}.Release|Any CPU.ActiveCfg = Release|Any CPU
		{5DA79C0C-2B98-4E64-81EA-92AFFC5204D3}.Release|Any CPU.Build.0 = Release|Any CPU
		{F0DD56CB-C68A-4CDC-AA54-0A07342FE08B}.Debug|Any CPU.ActiveCfg = Debug|Any CPU
		{F0DD56CB-C68A-4CDC-AA54-0A07342FE08B}.Debug|Any CPU.Build.0 = Debug|Any CPU
		{F0DD56CB-C68A-4CDC-AA54-0A07342FE08B}.Release|Any CPU.ActiveCfg = Release|Any CPU
		{F0DD56CB-C68A-4CDC-AA54-0A07342FE08B}.Release|Any CPU.Build.0 = Release|Any CPU
		{B7FD15B2-A3C4-4A17-B6DE-CC87E35DFCCD}.Debug|Any CPU.ActiveCfg = Debug|Any CPU
		{B7FD15B2-A3C4-4A17-B6DE-CC87E35DFCCD}.Debug|Any CPU.Build.0 = Debug|Any CPU
		{B7FD15B2-A3C4-4A17-B6DE-CC87E35DFCCD}.Release|Any CPU.ActiveCfg = Release|Any CPU
		{B7FD15B2-A3C4-4A17-B6DE-CC87E35DFCCD}.Release|Any CPU.Build.0 = Release|Any CPU
		{BB913678-CB63-43BA-9C78-40D9A1FE85D9}.Debug|Any CPU.ActiveCfg = Debug|Any CPU
		{BB913678-CB63-43BA-9C78-40D9A1FE85D9}.Debug|Any CPU.Build.0 = Debug|Any CPU
		{BB913678-CB63-43BA-9C78-40D9A1FE85D9}.Release|Any CPU.ActiveCfg = Release|Any CPU
		{BB913678-CB63-43BA-9C78-40D9A1FE85D9}.Release|Any CPU.Build.0 = Release|Any CPU
		{2B32BBCC-4562-4253-B85B-80E8A278551F}.Debug|Any CPU.ActiveCfg = Debug|Any CPU
		{2B32BBCC-4562-4253-B85B-80E8A278551F}.Debug|Any CPU.Build.0 = Debug|Any CPU
		{2B32BBCC-4562-4253-B85B-80E8A278551F}.Release|Any CPU.ActiveCfg = Release|Any CPU
		{2B32BBCC-4562-4253-B85B-80E8A278551F}.Release|Any CPU.Build.0 = Release|Any CPU
		{01376DD7-A13C-476C-A8DB-44EA9BB3F64F}.Debug|Any CPU.ActiveCfg = Debug|Any CPU
		{01376DD7-A13C-476C-A8DB-44EA9BB3F64F}.Debug|Any CPU.Build.0 = Debug|Any CPU
		{01376DD7-A13C-476C-A8DB-44EA9BB3F64F}.Release|Any CPU.ActiveCfg = Release|Any CPU
		{01376DD7-A13C-476C-A8DB-44EA9BB3F64F}.Release|Any CPU.Build.0 = Release|Any CPU
		{07DEA726-9772-4B61-AA66-1B82823F6BF0}.Debug|Any CPU.ActiveCfg = Debug|Any CPU
		{07DEA726-9772-4B61-AA66-1B82823F6BF0}.Debug|Any CPU.Build.0 = Debug|Any CPU
		{07DEA726-9772-4B61-AA66-1B82823F6BF0}.Release|Any CPU.ActiveCfg = Release|Any CPU
		{07DEA726-9772-4B61-AA66-1B82823F6BF0}.Release|Any CPU.Build.0 = Release|Any CPU
		{160B77ED-BA30-40A2-81EF-F5D1E4D22039}.Debug|Any CPU.ActiveCfg = Debug|Any CPU
		{160B77ED-BA30-40A2-81EF-F5D1E4D22039}.Debug|Any CPU.Build.0 = Debug|Any CPU
		{160B77ED-BA30-40A2-81EF-F5D1E4D22039}.Release|Any CPU.ActiveCfg = Release|Any CPU
		{160B77ED-BA30-40A2-81EF-F5D1E4D22039}.Release|Any CPU.Build.0 = Release|Any CPU
		{1CE98127-3027-4BD4-AAA3-63A589B09E73}.Debug|Any CPU.ActiveCfg = Debug|Any CPU
		{1CE98127-3027-4BD4-AAA3-63A589B09E73}.Debug|Any CPU.Build.0 = Debug|Any CPU
		{1CE98127-3027-4BD4-AAA3-63A589B09E73}.Release|Any CPU.ActiveCfg = Release|Any CPU
		{1CE98127-3027-4BD4-AAA3-63A589B09E73}.Release|Any CPU.Build.0 = Release|Any CPU
		{74D1495B-12A4-4E1A-ABE0-93029ECDC5FE}.Debug|Any CPU.ActiveCfg = Debug|Any CPU
		{74D1495B-12A4-4E1A-ABE0-93029ECDC5FE}.Debug|Any CPU.Build.0 = Debug|Any CPU
		{74D1495B-12A4-4E1A-ABE0-93029ECDC5FE}.Release|Any CPU.ActiveCfg = Release|Any CPU
		{74D1495B-12A4-4E1A-ABE0-93029ECDC5FE}.Release|Any CPU.Build.0 = Release|Any CPU
		{829111AD-4A5C-4B3D-AC28-208309CE10D6}.Debug|Any CPU.ActiveCfg = Debug|Any CPU
		{829111AD-4A5C-4B3D-AC28-208309CE10D6}.Debug|Any CPU.Build.0 = Debug|Any CPU
		{829111AD-4A5C-4B3D-AC28-208309CE10D6}.Release|Any CPU.ActiveCfg = Release|Any CPU
		{829111AD-4A5C-4B3D-AC28-208309CE10D6}.Release|Any CPU.Build.0 = Release|Any CPU
	EndGlobalSection
	GlobalSection(NestedProjects) = preSolution
		{54CBE5A7-3C3E-44ED-B877-7B08A818083B} = {86CF2A2F-4DFE-48E7-B062-EF824730916A}
		{C7773DC6-9052-4F69-B947-CBFD5D663E80} = {54CBE5A7-3C3E-44ED-B877-7B08A818083B}
		{0E31199C-4893-4920-A356-D1FF7850BFAD} = {54CBE5A7-3C3E-44ED-B877-7B08A818083B}
		{5DA79C0C-2B98-4E64-81EA-92AFFC5204D3} = {FB8F6EE1-1942-46D6-954E-9A1647BBDF10}
		{F0DD56CB-C68A-4CDC-AA54-0A07342FE08B} = {3F131901-A9EC-451A-B7E9-726887CFE5FB}
		{A280C99E-0112-4F3C-A5E9-B793F2D9898E} = {FB8F6EE1-1942-46D6-954E-9A1647BBDF10}
		{F0FC6D23-F932-4C11-8D0F-07894FC61511} = {FB8F6EE1-1942-46D6-954E-9A1647BBDF10}
		{B7DDF6C9-B67C-430A-948A-A380EF68DEF1} = {FB8F6EE1-1942-46D6-954E-9A1647BBDF10}
		{B7FD15B2-A3C4-4A17-B6DE-CC87E35DFCCD} = {F0FC6D23-F932-4C11-8D0F-07894FC61511}
		{BB913678-CB63-43BA-9C78-40D9A1FE85D9} = {F0FC6D23-F932-4C11-8D0F-07894FC61511}
		{2B32BBCC-4562-4253-B85B-80E8A278551F} = {F0FC6D23-F932-4C11-8D0F-07894FC61511}
		{01376DD7-A13C-476C-A8DB-44EA9BB3F64F} = {A280C99E-0112-4F3C-A5E9-B793F2D9898E}
		{07DEA726-9772-4B61-AA66-1B82823F6BF0} = {A280C99E-0112-4F3C-A5E9-B793F2D9898E}
		{160B77ED-BA30-40A2-81EF-F5D1E4D22039} = {B7DDF6C9-B67C-430A-948A-A380EF68DEF1}
		{1CE98127-3027-4BD4-AAA3-63A589B09E73} = {3F131901-A9EC-451A-B7E9-726887CFE5FB}
		{74D1495B-12A4-4E1A-ABE0-93029ECDC5FE} = {B7DDF6C9-B67C-430A-948A-A380EF68DEF1}
		{829111AD-4A5C-4B3D-AC28-208309CE10D6} = {3F131901-A9EC-451A-B7E9-726887CFE5FB}
	EndGlobalSection
EndGlobal
